
Microsoft Visual Studio Solution File, Format Version 12.00
# Visual Studio Version 17
VisualStudioVersion = 17.4.33213.308
MinimumVisualStudioVersion = 10.0.40219.1
Project("{FAE04EC0-301F-11D3-BF4B-00C04F79EFBC}") = "Two Sum", "Two Sum\Two Sum.csproj", "{FDB6AD55-5D55-4633-8237-42C3C375A05D}"
EndProject
Global
	GlobalSection(SolutionConfigurationPlatforms) = preSolution
		Debug|Any CPU = Debug|Any CPU
		Release|Any CPU = Release|Any CPU
	EndGlobalSection
	GlobalSection(ProjectConfigurationPlatforms) = postSolution
		{FDB6AD55-5D55-4633-8237-42C3C375A05D}.Debug|Any CPU.ActiveCfg = Debug|Any CPU
		{FDB6AD55-5D55-4633-8237-42C3C375A05D}.Debug|Any CPU.Build.0 = Debug|Any CPU
		{FDB6AD55-5D55-4633-8237-42C3C375A05D}.Release|Any CPU.ActiveCfg = Release|Any CPU
		{FDB6AD55-5D55-4633-8237-42C3C375A05D}.Release|Any CPU.Build.0 = Release|Any CPU
	EndGlobalSection
	GlobalSection(SolutionProperties) = preSolution
		HideSolutionNode = FALSE
	EndGlobalSection
	GlobalSection(ExtensibilityGlobals) = postSolution
		SolutionGuid = {FF987A6B-6317-489F-A096-CADB0571AD92}
	EndGlobalSection
EndGlobal
